
Microsoft Visual Studio Solution File, Format Version 12.00
# Visual Studio Version 17
VisualStudioVersion = 17.4.33103.184
MinimumVisualStudioVersion = 10.0.40219.1
Project("{FAE04EC0-301F-11D3-BF4B-00C04F79EFBC}") = "XLN Fault Report System", "XLN Fault Report System.csproj", "{E0694082-65C7-4E95-8F01-7CC20478E338}"
EndProject
Global
	GlobalSection(SolutionConfigurationPlatforms) = preSolution
		Debug|Any CPU = Debug|Any CPU
		Release|Any CPU = Release|Any CPU
	EndGlobalSection
	GlobalSection(ProjectConfigurationPlatforms) = postSolution
		{E0694082-65C7-4E95-8F01-7CC20478E338}.Debug|Any CPU.ActiveCfg = Debug|Any CPU
		{E0694082-65C7-4E95-8F01-7CC20478E338}.Debug|Any CPU.Build.0 = Debug|Any CPU
		{E0694082-65C7-4E95-8F01-7CC20478E338}.Release|Any CPU.ActiveCfg = Release|Any CPU
		{E0694082-65C7-4E95-8F01-7CC20478E338}.Release|Any CPU.Build.0 = Release|Any CPU
	EndGlobalSection
	GlobalSection(SolutionProperties) = preSolution
		HideSolutionNode = FALSE
	EndGlobalSection
	GlobalSection(ExtensibilityGlobals) = postSolution
		SolutionGuid = {5479EC29-A9A9-4E29-94D2-A5125AD62C5A}
	EndGlobalSection
EndGlobal
